{
  "name": "frontend",
  "lockfileVersion": 3,
  "requires": true,
  "packages": {
    "": {
      "dependencies": {
        "simple-icons": "^14.12.3"
      }
    },
    "node_modules/simple-icons": {
      "version": "14.12.3",
      "resolved": "https://registry.npmjs.org/simple-icons/-/simple-icons-14.12.3.tgz",
      "integrity": "sha512-P85Pqak4picfTzdujmGL7+pFfsd32K/tDjHPQ8vvJcr2Xk380A9kBVIW5QH86qWqa+YJgFa5huLcUuwmW+YBPQ==",
      "engines": {
        "node": ">=0.12.18"
      },
      "funding": {
        "type": "opencollective",
        "url": "https://opencollective.com/simple-icons"
      }
    }
  }
}
